// !$*UTF8*$!
{
	archiveVersion = 1;
	classes = {
	};
	objectVersion = 56;
	objects = {

/* Begin PBXBuildFile section */
		563110732C0DBDEE002F23B6 /* CustomStyles.swift in Sources */ = {isa = PBXBuildFile; fileRef = 563110722C0DBDEE002F23B6 /* CustomStyles.swift */; };
		56F1A7CF2C0BACBB003DE63B /* FloatingTodoAppApp.swift in Sources */ = {isa = PBXBuildFile; fileRef = 56F1A7CE2C0BACBB003DE63B /* FloatingTodoAppApp.swift */; };
		56F1A7D12C0BACBB003DE63B /* ContentView.swift in Sources */ = {isa = PBXBuildFile; fileRef = 56F1A7D02C0BACBB003DE63B /* ContentView.swift */; };
		56F1A7D32C0BACBC003DE63B /* Assets.xcassets in Resources */ = {isa = PBXBuildFile; fileRef = 56F1A7D22C0BACBC003DE63B /* Assets.xcassets */; };
		56F1A7D62C0BACBC003DE63B /* Preview Assets.xcassets in Resources */ = {isa = PBXBuildFile; fileRef = 56F1A7D52C0BACBC003DE63B /* Preview Assets.xcassets */; };
		56F1A7E12C0BACBC003DE63B /* FloatingTodoAppTests.swift in Sources */ = {isa = PBXBuildFile; fileRef = 56F1A7E02C0BACBC003DE63B /* FloatingTodoAppTests.swift */; };
		56F1A7EB2C0BACBD003DE63B /* FloatingTodoAppUITests.swift in Sources */ = {isa = PBXBuildFile; fileRef = 56F1A7EA2C0BACBD003DE63B /* FloatingTodoAppUITests.swift */; };
		56F1A7ED2C0BACBD003DE63B /* FloatingTodoAppUITestsLaunchTests.swift in Sources */ = {isa = PBXBuildFile; fileRef = 56F1A7EC2C0BACBD003DE63B /* FloatingTodoAppUITestsLaunchTests.swift */; };
		56F1A7FC2C0BAD34003DE63B /* WindowAccessor.swift in Sources */ = {isa = PBXBuildFile; fileRef = 56F1A7FB2C0BAD34003DE63B /* WindowAccessor.swift */; };
		56F1A8002C0C23F8003DE63B /* AppDelegate.swift in Sources */ = {isa = PBXBuildFile; fileRef = 56F1A7FF2C0C23F8003DE63B /* AppDelegate.swift */; };
		56F1A8062C0C369B003DE63B /* WindowLevelModifier.swift in Sources */ = {isa = PBXBuildFile; fileRef = 56F1A8052C0C369B003DE63B /* WindowLevelModifier.swift */; };
/* End PBXBuildFile section */

/* Begin PBXContainerItemProxy section */
		56F1A7DD2C0BACBC003DE63B /* PBXContainerItemProxy */ = {
			isa = PBXContainerItemProxy;
			containerPortal = 56F1A7C32C0BACBB003DE63B /* Project object */;
			proxyType = 1;
			remoteGlobalIDString = 56F1A7CA2C0BACBB003DE63B;
			remoteInfo = FloatingTodoApp;
		};
		56F1A7E72C0BACBC003DE63B /* PBXContainerItemProxy */ = {
			isa = PBXContainerItemProxy;
			containerPortal = 56F1A7C32C0BACBB003DE63B /* Project object */;
			proxyType = 1;
			remoteGlobalIDString = 56F1A7CA2C0BACBB003DE63B;
			remoteInfo = FloatingTodoApp;
		};
/* End PBXContainerItemProxy section */

/* Begin PBXFileReference section */
		563110722C0DBDEE002F23B6 /* CustomStyles.swift */ = {isa = PBXFileReference; lastKnownFileType = sourcecode.swift; path = CustomStyles.swift; sourceTree = "<group>"; };
		56F1A7CB2C0BACBB003DE63B /* FloatingTodoApp.app */ = {isa = PBXFileReference; explicitFileType = wrapper.application; includeInIndex = 0; path = FloatingTodoApp.app; sourceTree = BUILT_PRODUCTS_DIR; };
		56F1A7CE2C0BACBB003DE63B /* FloatingTodoAppApp.swift */ = {isa = PBXFileReference; lastKnownFileType = sourcecode.swift; path = FloatingTodoAppApp.swift; sourceTree = "<group>"; };
		56F1A7D02C0BACBB003DE63B /* ContentView.swift */ = {isa = PBXFileReference; lastKnownFileType = sourcecode.swift; path = ContentView.swift; sourceTree = "<group>"; };
		56F1A7D22C0BACBC003DE63B /* Assets.xcassets */ = {isa = PBXFileReference; lastKnownFileType = folder.assetcatalog; path = Assets.xcassets; sourceTree = "<group>"; };
		56F1A7D52C0BACBC003DE63B /* Preview Assets.xcassets */ = {isa = PBXFileReference; lastKnownFileType = folder.assetcatalog; path = "Preview Assets.xcassets"; sourceTree = "<group>"; };
		56F1A7D72C0BACBC003DE63B /* FloatingTodoApp.entitlements */ = {isa = PBXFileReference; lastKnownFileType = text.plist.entitlements; path = FloatingTodoApp.entitlements; sourceTree = "<group>"; };
		56F1A7DC2C0BACBC003DE63B /* FloatingTodoAppTests.xctest */ = {isa = PBXFileReference; explicitFileType = wrapper.cfbundle; includeInIndex = 0; path = FloatingTodoAppTests.xctest; sourceTree = BUILT_PRODUCTS_DIR; };
		56F1A7E02C0BACBC003DE63B /* FloatingTodoAppTests.swift */ = {isa = PBXFileReference; lastKnownFileType = sourcecode.swift; path = FloatingTodoAppTests.swift; sourceTree = "<group>"; };
		56F1A7E62C0BACBC003DE63B /* FloatingTodoAppUITests.xctest */ = {isa = PBXFileReference; explicitFileType = wrapper.cfbundle; includeInIndex = 0; path = FloatingTodoAppUITests.xctest; sourceTree = BUILT_PRODUCTS_DIR; };
		56F1A7EA2C0BACBD003DE63B /* FloatingTodoAppUITests.swift */ = {isa = PBXFileReference; lastKnownFileType = sourcecode.swift; path = FloatingTodoAppUITests.swift; sourceTree = "<group>"; };
		56F1A7EC2C0BACBD003DE63B /* FloatingTodoAppUITestsLaunchTests.swift */ = {isa = PBXFileReference; lastKnownFileType = sourcecode.swift; path = FloatingTodoAppUITestsLaunchTests.swift; sourceTree = "<group>"; };
		56F1A7FB2C0BAD34003DE63B /* WindowAccessor.swift */ = {isa = PBXFileReference; fileEncoding = 4; lastKnownFileType = sourcecode.swift; path = WindowAccessor.swift; sourceTree = "<group>"; };
		56F1A7FF2C0C23F8003DE63B /* AppDelegate.swift */ = {isa = PBXFileReference; lastKnownFileType = sourcecode.swift; path = AppDelegate.swift; sourceTree = "<group>"; };
		56F1A8052C0C369B003DE63B /* WindowLevelModifier.swift */ = {isa = PBXFileReference; lastKnownFileType = sourcecode.swift; path = WindowLevelModifier.swift; sourceTree = "<group>"; };
/* End PBXFileReference section */

/* Begin PBXFrameworksBuildPhase section */
		56F1A7C82C0BACBB003DE63B /* Frameworks */ = {
			isa = PBXFrameworksBuildPhase;
			buildActionMask = 2147483647;
			files = (
			);
			runOnlyForDeploymentPostprocessing = 0;
		};
		56F1A7D92C0BACBC003DE63B /* Frameworks */ = {
			isa = PBXFrameworksBuildPhase;
			buildActionMask = 2147483647;
			files = (
			);
			runOnlyForDeploymentPostprocessing = 0;
		};
		56F1A7E32C0BACBC003DE63B /* Frameworks */ = {
			isa = PBXFrameworksBuildPhase;
			buildActionMask = 2147483647;
			files = (
			);
			runOnlyForDeploymentPostprocessing = 0;
		};
/* End PBXFrameworksBuildPhase section */

/* Begin PBXGroup section */
		56F1A7C22C0BACBB003DE63B = {
			isa = PBXGroup;
			children = (
				56F1A7CD2C0BACBB003DE63B /* FloatingTodoApp */,
				56F1A7DF2C0BACBC003DE63B /* FloatingTodoAppTests */,
				56F1A7E92C0BACBD003DE63B /* FloatingTodoAppUITests */,
				56F1A7CC2C0BACBB003DE63B /* Products */,
			);
			sourceTree = "<group>";
		};
		56F1A7CC2C0BACBB003DE63B /* Products */ = {
			isa = PBXGroup;
			children = (
				56F1A7CB2C0BACBB003DE63B /* FloatingTodoApp.app */,
				56F1A7DC2C0BACBC003DE63B /* FloatingTodoAppTests.xctest */,
				56F1A7E62C0BACBC003DE63B /* FloatingTodoAppUITests.xctest */,
			);
			name = Products;
			sourceTree = "<group>";
		};
		56F1A7CD2C0BACBB003DE63B /* FloatingTodoApp */ = {
			isa = PBXGroup;
			children = (
				56F1A8052C0C369B003DE63B /* WindowLevelModifier.swift */,
				56F1A7CE2C0BACBB003DE63B /* FloatingTodoAppApp.swift */,
				56F1A7FF2C0C23F8003DE63B /* AppDelegate.swift */,
				56F1A7FB2C0BAD34003DE63B /* WindowAccessor.swift */,
				56F1A7D02C0BACBB003DE63B /* ContentView.swift */,
				563110722C0DBDEE002F23B6 /* CustomStyles.swift */,
				56F1A7D22C0BACBC003DE63B /* Assets.xcassets */,
				56F1A7D72C0BACBC003DE63B /* FloatingTodoApp.entitlements */,
				56F1A7D42C0BACBC003DE63B /* Preview Content */,
			);
			path = FloatingTodoApp;
			sourceTree = "<group>";
		};
		56F1A7D42C0BACBC003DE63B /* Preview Content */ = {
			isa = PBXGroup;
			children = (
				56F1A7D52C0BACBC003DE63B /* Preview Assets.xcassets */,
			);
			path = "Preview Content";
			sourceTree = "<group>";
		};
		56F1A7DF2C0BACBC003DE63B /* FloatingTodoAppTests */ = {
			isa = PBXGroup;
			children = (
				56F1A7E02C0BACBC003DE63B /* FloatingTodoAppTests.swift */,
			);
			path = FloatingTodoAppTests;
			sourceTree = "<group>";
		};
		56F1A7E92C0BACBD003DE63B /* FloatingTodoAppUITests */ = {
			isa = PBXGroup;
			children = (
				56F1A7EA2C0BACBD003DE63B /* FloatingTodoAppUITests.swift */,
				56F1A7EC2C0BACBD003DE63B /* FloatingTodoAppUITestsLaunchTests.swift */,
			);
			path = FloatingTodoAppUITests;
			sourceTree = "<group>";
		};
/* End PBXGroup section */

/* Begin PBXNativeTarget section */
		56F1A7CA2C0BACBB003DE63B /* FloatingTodoApp */ = {
			isa = PBXNativeTarget;
			buildConfigurationList = 56F1A7F02C0BACBD003DE63B /* Build configuration list for PBXNativeTarget "FloatingTodoApp" */;
			buildPhases = (
				56F1A7C72C0BACBB003DE63B /* Sources */,
				56F1A7C82C0BACBB003DE63B /* Frameworks */,
				56F1A7C92C0BACBB003DE63B /* Resources */,
			);
			buildRules = (
			);
			dependencies = (
			);
			name = FloatingTodoApp;
			productName = FloatingTodoApp;
			productReference = 56F1A7CB2C0BACBB003DE63B /* FloatingTodoApp.app */;
			productType = "com.apple.product-type.application";
		};
		56F1A7DB2C0BACBC003DE63B /* FloatingTodoAppTests */ = {
			isa = PBXNativeTarget;
			buildConfigurationList = 56F1A7F32C0BACBD003DE63B /* Build configuration list for PBXNativeTarget "FloatingTodoAppTests" */;
			buildPhases = (
				56F1A7D82C0BACBC003DE63B /* Sources */,
				56F1A7D92C0BACBC003DE63B /* Frameworks */,
				56F1A7DA2C0BACBC003DE63B /* Resources */,
			);
			buildRules = (
			);
			dependencies = (
				56F1A7DE2C0BACBC003DE63B /* PBXTargetDependency */,
			);
			name = FloatingTodoAppTests;
			productName = FloatingTodoAppTests;
			productReference = 56F1A7DC2C0BACBC003DE63B /* FloatingTodoAppTests.xctest */;
			productType = "com.apple.product-type.bundle.unit-test";
		};
		56F1A7E52C0BACBC003DE63B /* FloatingTodoAppUITests */ = {
			isa = PBXNativeTarget;
			buildConfigurationList = 56F1A7F62C0BACBD003DE63B /* Build configuration list for PBXNativeTarget "FloatingTodoAppUITests" */;
			buildPhases = (
				56F1A7E22C0BACBC003DE63B /* Sources */,
				56F1A7E32C0BACBC003DE63B /* Frameworks */,
				56F1A7E42C0BACBC003DE63B /* Resources */,
			);
			buildRules = (
			);
			dependencies = (
				56F1A7E82C0BACBC003DE63B /* PBXTargetDependency */,
			);
			name = FloatingTodoAppUITests;
			productName = FloatingTodoAppUITests;
			productReference = 56F1A7E62C0BACBC003DE63B /* FloatingTodoAppUITests.xctest */;
			productType = "com.apple.product-type.bundle.ui-testing";
		};
/* End PBXNativeTarget section */

/* Begin PBXProject section */
		56F1A7C32C0BACBB003DE63B /* Project object */ = {
			isa = PBXProject;
			attributes = {
				BuildIndependentTargetsInParallel = 1;
				LastSwiftUpdateCheck = 1540;
				LastUpgradeCheck = 1540;
				TargetAttributes = {
					56F1A7CA2C0BACBB003DE63B = {
						CreatedOnToolsVersion = 15.4;
					};
					56F1A7DB2C0BACBC003DE63B = {
						CreatedOnToolsVersion = 15.4;
						TestTargetID = 56F1A7CA2C0BACBB003DE63B;
					};
					56F1A7E52C0BACBC003DE63B = {
						CreatedOnToolsVersion = 15.4;
						TestTargetID = 56F1A7CA2C0BACBB003DE63B;
					};
				};
			};
			buildConfigurationList = 56F1A7C62C0BACBB003DE63B /* Build configuration list for PBXProject "FloatingTodoApp" */;
			compatibilityVersion = "Xcode 14.0";
			developmentRegion = "zh-Hans";
			hasScannedForEncodings = 0;
			knownRegions = (
				en,
				Base,
				"zh-Hans",
			);
			mainGroup = 56F1A7C22C0BACBB003DE63B;
			productRefGroup = 56F1A7CC2C0BACBB003DE63B /* Products */;
			projectDirPath = "";
			projectRoot = "";
			targets = (
				56F1A7CA2C0BACBB003DE63B /* FloatingTodoApp */,
				56F1A7DB2C0BACBC003DE63B /* FloatingTodoAppTests */,
				56F1A7E52C0BACBC003DE63B /* FloatingTodoAppUITests */,
			);
		};
/* End PBXProject section */

/* Begin PBXResourcesBuildPhase section */
		56F1A7C92C0BACBB003DE63B /* Resources */ = {
			isa = PBXResourcesBuildPhase;
			buildActionMask = 2147483647;
			files = (
				56F1A7D62C0BACBC003DE63B /* Preview Assets.xcassets in Resources */,
				56F1A7D32C0BACBC003DE63B /* Assets.xcassets in Resources */,
			);
			runOnlyForDeploymentPostprocessing = 0;
		};
		56F1A7DA2C0BACBC003DE63B /* Resources */ = {
			isa = PBXResourcesBuildPhase;
			buildActionMask = 2147483647;
			files = (
			);
			runOnlyForDeploymentPostprocessing = 0;
		};
		56F1A7E42C0BACBC003DE63B /* Resources */ = {
			isa = PBXResourcesBuildPhase;
			buildActionMask = 2147483647;
			files = (
			);
			runOnlyForDeploymentPostprocessing = 0;
		};
/* End PBXResourcesBuildPhase section */

/* Begin PBXSourcesBuildPhase section */
		56F1A7C72C0BACBB003DE63B /* Sources */ = {
			isa = PBXSourcesBuildPhase;
			buildActionMask = 2147483647;
			files = (
				56F1A8002C0C23F8003DE63B /* AppDelegate.swift in Sources */,
				56F1A7D12C0BACBB003DE63B /* ContentView.swift in Sources */,
				56F1A8062C0C369B003DE63B /* WindowLevelModifier.swift in Sources */,
				56F1A7CF2C0BACBB003DE63B /* FloatingTodoAppApp.swift in Sources */,
				56F1A7FC2C0BAD34003DE63B /* WindowAccessor.swift in Sources */,
				563110732C0DBDEE002F23B6 /* CustomStyles.swift in Sources */,
			);
			runOnlyForDeploymentPostprocessing = 0;
		};
		56F1A7D82C0BACBC003DE63B /* Sources */ = {
			isa = PBXSourcesBuildPhase;
			buildActionMask = 2147483647;
			files = (
				56F1A7E12C0BACBC003DE63B /* FloatingTodoAppTests.swift in Sources */,
			);
			runOnlyForDeploymentPostprocessing = 0;
		};
		56F1A7E22C0BACBC003DE63B /* Sources */ = {
			isa = PBXSourcesBuildPhase;
			buildActionMask = 2147483647;
			files = (
				56F1A7ED2C0BACBD003DE63B /* FloatingTodoAppUITestsLaunchTests.swift in Sources */,
				56F1A7EB2C0BACBD003DE63B /* FloatingTodoAppUITests.swift in Sources */,
			);
			runOnlyForDeploymentPostprocessing = 0;
		};
/* End PBXSourcesBuildPhase section */

/* Begin PBXTargetDependency section */
		56F1A7DE2C0BACBC003DE63B /* PBXTargetDependency */ = {
			isa = PBXTargetDependency;
			target = 56F1A7CA2C0BACBB003DE63B /* FloatingTodoApp */;
			targetProxy = 56F1A7DD2C0BACBC003DE63B /* PBXContainerItemProxy */;
		};
		56F1A7E82C0BACBC003DE63B /* PBXTargetDependency */ = {
			isa = PBXTargetDependency;
			target = 56F1A7CA2C0BACBB003DE63B /* FloatingTodoApp */;
			targetProxy = 56F1A7E72C0BACBC003DE63B /* PBXContainerItemProxy */;
		};
/* End PBXTargetDependency section */

/* Begin XCBuildConfiguration section */
		56F1A7EE2C0BACBD003DE63B /* Debug */ = {
			isa = XCBuildConfiguration;
			buildSettings = {
				ALWAYS_SEARCH_USER_PATHS = NO;
				ASSETCATALOG_COMPILER_GENERATE_SWIFT_ASSET_SYMBOL_EXTENSIONS = YES;
				CLANG_ANALYZER_NONNULL = YES;
				CLANG_ANALYZER_NUMBER_OBJECT_CONVERSION = YES_AGGRESSIVE;
				CLANG_CXX_LANGUAGE_STANDARD = "gnu++20";
				CLANG_ENABLE_MODULES = YES;
				CLANG_ENABLE_OBJC_ARC = YES;
				CLANG_ENABLE_OBJC_WEAK = YES;
				CLANG_WARN_BLOCK_CAPTURE_AUTORELEASING = YES;
				CLANG_WARN_BOOL_CONVERSION = YES;
				CLANG_WARN_COMMA = YES;
				CLANG_WARN_CONSTANT_CONVERSION = YES;
				CLANG_WARN_DEPRECATED_OBJC_IMPLEMENTATIONS = YES;
				CLANG_WARN_DIRECT_OBJC_ISA_USAGE = YES_ERROR;
				CLANG_WARN_DOCUMENTATION_COMMENTS = YES;
				CLANG_WARN_EMPTY_BODY = YES;
				CLANG_WARN_ENUM_CONVERSION = YES;
				CLANG_WARN_INFINITE_RECURSION = YES;
				CLANG_WARN_INT_CONVERSION = YES;
				CLANG_WARN_NON_LITERAL_NULL_CONVERSION = YES;
				CLANG_WARN_OBJC_IMPLICIT_RETAIN_SELF = YES;
				CLANG_WARN_OBJC_LITERAL_CONVERSION = YES;
				CLANG_WARN_OBJC_ROOT_CLASS = YES_ERROR;
				CLANG_WARN_QUOTED_INCLUDE_IN_FRAMEWORK_HEADER = YES;
				CLANG_WARN_RANGE_LOOP_ANALYSIS = YES;
				CLANG_WARN_STRICT_PROTOTYPES = YES;
				CLANG_WARN_SUSPICIOUS_MOVE = YES;
				CLANG_WARN_UNGUARDED_AVAILABILITY = YES_AGGRESSIVE;
				CLANG_WARN_UNREACHABLE_CODE = YES;
				CLANG_WARN__DUPLICATE_METHOD_MATCH = YES;
				COPY_PHASE_STRIP = NO;
				DEBUG_INFORMATION_FORMAT = dwarf;
				ENABLE_STRICT_OBJC_MSGSEND = YES;
				ENABLE_TESTABILITY = YES;
				ENABLE_USER_SCRIPT_SANDBOXING = YES;
				GCC_C_LANGUAGE_STANDARD = gnu17;
				GCC_DYNAMIC_NO_PIC = NO;
				GCC_NO_COMMON_BLOCKS = YES;
				GCC_OPTIMIZATION_LEVEL = 0;
				GCC_PREPROCESSOR_DEFINITIONS = (
					"DEBUG=1",
					"$(inherited)",
				);
				GCC_WARN_64_TO_32_BIT_CONVERSION = YES;
				GCC_WARN_ABOUT_RETURN_TYPE = YES_ERROR;
				GCC_WARN_UNDECLARED_SELECTOR = YES;
				GCC_WARN_UNINITIALIZED_AUTOS = YES_AGGRESSIVE;
				GCC_WARN_UNUSED_FUNCTION = YES;
				GCC_WARN_UNUSED_VARIABLE = YES;
				LOCALIZATION_PREFERS_STRING_CATALOGS = YES;
				MACOSX_DEPLOYMENT_TARGET = 14.5;
				MTL_ENABLE_DEBUG_INFO = INCLUDE_SOURCE;
				MTL_FAST_MATH = YES;
				ONLY_ACTIVE_ARCH = YES;
				SDKROOT = macosx;
				SWIFT_ACTIVE_COMPILATION_CONDITIONS = "DEBUG $(inherited)";
				SWIFT_OPTIMIZATION_LEVEL = "-Onone";
			};
			name = Debug;
		};
		56F1A7EF2C0BACBD003DE63B /* Release */ = {
			isa = XCBuildConfiguration;
			buildSettings = {
				ALWAYS_SEARCH_USER_PATHS = NO;
				ASSETCATALOG_COMPILER_GENERATE_SWIFT_ASSET_SYMBOL_EXTENSIONS = YES;
				CLANG_ANALYZER_NONNULL = YES;
				CLANG_ANALYZER_NUMBER_OBJECT_CONVERSION = YES_AGGRESSIVE;
				CLANG_CXX_LANGUAGE_STANDARD = "gnu++20";
				CLANG_ENABLE_MODULES = YES;
				CLANG_ENABLE_OBJC_ARC = YES;
				CLANG_ENABLE_OBJC_WEAK = YES;
				CLANG_WARN_BLOCK_CAPTURE_AUTORELEASING = YES;
				CLANG_WARN_BOOL_CONVERSION = YES;
				CLANG_WARN_COMMA = YES;
				CLANG_WARN_CONSTANT_CONVERSION = YES;
				CLANG_WARN_DEPRECATED_OBJC_IMPLEMENTATIONS = YES;
				CLANG_WARN_DIRECT_OBJC_ISA_USAGE = YES_ERROR;
				CLANG_WARN_DOCUMENTATION_COMMENTS = YES;
				CLANG_WARN_EMPTY_BODY = YES;
				CLANG_WARN_ENUM_CONVERSION = YES;
				CLANG_WARN_INFINITE_RECURSION = YES;
				CLANG_WARN_INT_CONVERSION = YES;
				CLANG_WARN_NON_LITERAL_NULL_CONVERSION = YES;
				CLANG_WARN_OBJC_IMPLICIT_RETAIN_SELF = YES;
				CLANG_WARN_OBJC_LITERAL_CONVERSION = YES;
				CLANG_WARN_OBJC_ROOT_CLASS = YES_ERROR;
				CLANG_WARN_QUOTED_INCLUDE_IN_FRAMEWORK_HEADER = YES;
				CLANG_WARN_RANGE_LOOP_ANALYSIS = YES;
				CLANG_WARN_STRICT_PROTOTYPES = YES;
				CLANG_WARN_SUSPICIOUS_MOVE = YES;
				CLANG_WARN_UNGUARDED_AVAILABILITY = YES_AGGRESSIVE;
				CLANG_WARN_UNREACHABLE_CODE = YES;
				CLANG_WARN__DUPLICATE_METHOD_MATCH = YES;
				COPY_PHASE_STRIP = NO;
				DEBUG_INFORMATION_FORMAT = "dwarf-with-dsym";
				ENABLE_NS_ASSERTIONS = NO;
				ENABLE_STRICT_OBJC_MSGSEND = YES;
				ENABLE_USER_SCRIPT_SANDBOXING = YES;
				GCC_C_LANGUAGE_STANDARD = gnu17;
				GCC_NO_COMMON_BLOCKS = YES;
				GCC_WARN_64_TO_32_BIT_CONVERSION = YES;
				GCC_WARN_ABOUT_RETURN_TYPE = YES_ERROR;
				GCC_WARN_UNDECLARED_SELECTOR = YES;
				GCC_WARN_UNINITIALIZED_AUTOS = YES_AGGRESSIVE;
				GCC_WARN_UNUSED_FUNCTION = YES;
				GCC_WARN_UNUSED_VARIABLE = YES;
				LOCALIZATION_PREFERS_STRING_CATALOGS = YES;
				MACOSX_DEPLOYMENT_TARGET = 14.5;
				MTL_ENABLE_DEBUG_INFO = NO;
				MTL_FAST_MATH = YES;
				SDKROOT = macosx;
				SWIFT_COMPILATION_MODE = wholemodule;
			};
			name = Release;
		};
		56F1A7F12C0BACBD003DE63B /* Debug */ = {
			isa = XCBuildConfiguration;
			buildSettings = {
				ASSETCATALOG_COMPILER_APPICON_NAME = AppIcon;
				ASSETCATALOG_COMPILER_GLOBAL_ACCENT_COLOR_NAME = AccentColor;
				ASSETCATALOG_COMPILER_INCLUDE_ALL_APPICON_ASSETS = NO;
				CODE_SIGN_ENTITLEMENTS = FloatingTodoApp/FloatingTodoApp.entitlements;
				CODE_SIGN_STYLE = Automatic;
				COMBINE_HIDPI_IMAGES = YES;
				CURRENT_PROJECT_VERSION = 1;
				DEVELOPMENT_ASSET_PATHS = "\"FloatingTodoApp/Preview Content\"";
				ENABLE_PREVIEWS = YES;
				GENERATE_INFOPLIST_FILE = YES;
				INFOPLIST_KEY_LSApplicationCategoryType = "public.app-category.productivity";
				INFOPLIST_KEY_NSHumanReadableCopyright = "";
				LD_RUNPATH_SEARCH_PATHS = (
					"$(inherited)",
					"@executable_path/../Frameworks",
				);
				MACOSX_DEPLOYMENT_TARGET = 14.0;
				MARKETING_VERSION = 1.1;
				PRODUCT_BUNDLE_IDENTIFIER = godfrey.FloatingTodoApp;
				PRODUCT_NAME = "$(TARGET_NAME)";
				SWIFT_EMIT_LOC_STRINGS = YES;
				SWIFT_VERSION = 5.0;
			};
			name = Debug;
		};
		56F1A7F22C0BACBD003DE63B /* Release */ = {
			isa = XCBuildConfiguration;
			buildSettings = {
				ASSETCATALOG_COMPILER_APPICON_NAME = AppIcon;
				ASSETCATALOG_COMPILER_GLOBAL_ACCENT_COLOR_NAME = AccentColor;
				ASSETCATALOG_COMPILER_INCLUDE_ALL_APPICON_ASSETS = NO;
				CODE_SIGN_ENTITLEMENTS = FloatingTodoApp/FloatingTodoApp.entitlements;
				CODE_SIGN_STYLE = Automatic;
				COMBINE_HIDPI_IMAGES = YES;
				CURRENT_PROJECT_VERSION = 1;
				DEVELOPMENT_ASSET_PATHS = "\"FloatingTodoApp/Preview Content\"";
				ENABLE_PREVIEWS = YES;
				GENERATE_INFOPLIST_FILE = YES;
				INFOPLIST_KEY_LSApplicationCategoryType = "public.app-category.productivity";
				INFOPLIST_KEY_NSHumanReadableCopyright = "";
				LD_RUNPATH_SEARCH_PATHS = (
					"$(inherited)",
					"@executable_path/../Frameworks",
				);
				MACOSX_DEPLOYMENT_TARGET = 14.0;
				MARKETING_VERSION = 1.1;
				PRODUCT_BUNDLE_IDENTIFIER = godfrey.FloatingTodoApp;
				PRODUCT_NAME = "$(TARGET_NAME)";
				SWIFT_EMIT_LOC_STRINGS = YES;
				SWIFT_VERSION = 5.0;
			};
			name = Release;
		};
		56F1A7F42C0BACBD003DE63B /* Debug */ = {
			isa = XCBuildConfiguration;
			buildSettings = {
				ALWAYS_EMBED_SWIFT_STANDARD_LIBRARIES = YES;
				BUNDLE_LOADER = "$(TEST_HOST)";
				CODE_SIGN_STYLE = Automatic;
				CURRENT_PROJECT_VERSION = 1;
				GENERATE_INFOPLIST_FILE = YES;
				MACOSX_DEPLOYMENT_TARGET = 14.0;
				MARKETING_VERSION = 1.0;
				PRODUCT_BUNDLE_IDENTIFIER = godfrey.FloatingTodoAppTests;
				PRODUCT_NAME = "$(TARGET_NAME)";
				SWIFT_EMIT_LOC_STRINGS = NO;
				SWIFT_VERSION = 5.0;
				TEST_HOST = "$(BUILT_PRODUCTS_DIR)/FloatingTodoApp.app/$(BUNDLE_EXECUTABLE_FOLDER_PATH)/FloatingTodoApp";
			};
			name = Debug;
		};
		56F1A7F52C0BACBD003DE63B /* Release */ = {
			isa = XCBuildConfiguration;
			buildSettings = {
				ALWAYS_EMBED_SWIFT_STANDARD_LIBRARIES = YES;
				BUNDLE_LOADER = "$(TEST_HOST)";
				CODE_SIGN_STYLE = Automatic;
				CURRENT_PROJECT_VERSION = 1;
				GENERATE_INFOPLIST_FILE = YES;
				MACOSX_DEPLOYMENT_TARGET = 14.0;
				MARKETING_VERSION = 1.0;
				PRODUCT_BUNDLE_IDENTIFIER = godfrey.FloatingTodoAppTests;
				PRODUCT_NAME = "$(TARGET_NAME)";
				SWIFT_EMIT_LOC_STRINGS = NO;
				SWIFT_VERSION = 5.0;
				TEST_HOST = "$(BUILT_PRODUCTS_DIR)/FloatingTodoApp.app/$(BUNDLE_EXECUTABLE_FOLDER_PATH)/FloatingTodoApp";
			};
			name = Release;
		};
		56F1A7F72C0BACBD003DE63B /* Debug */ = {
			isa = XCBuildConfiguration;
			buildSettings = {
				ALWAYS_EMBED_SWIFT_STANDARD_LIBRARIES = YES;
				CODE_SIGN_STYLE = Automatic;
				CURRENT_PROJECT_VERSION = 1;
				GENERATE_INFOPLIST_FILE = YES;
				MACOSX_DEPLOYMENT_TARGET = 14.0;
				MARKETING_VERSION = 1.0;
				PRODUCT_BUNDLE_IDENTIFIER = godfrey.FloatingTodoAppUITests;
				PRODUCT_NAME = "$(TARGET_NAME)";
				SWIFT_EMIT_LOC_STRINGS = NO;
				SWIFT_VERSION = 5.0;
				TEST_TARGET_NAME = FloatingTodoApp;
			};
			name = Debug;
		};
		56F1A7F82C0BACBD003DE63B /* Release */ = {
			isa = XCBuildConfiguration;
			buildSettings = {
				ALWAYS_EMBED_SWIFT_STANDARD_LIBRARIES = YES;
				CODE_SIGN_STYLE = Automatic;
				CURRENT_PROJECT_VERSION = 1;
				GENERATE_INFOPLIST_FILE = YES;
				MACOSX_DEPLOYMENT_TARGET = 14.0;
				MARKETING_VERSION = 1.0;
				PRODUCT_BUNDLE_IDENTIFIER = godfrey.FloatingTodoAppUITests;
				PRODUCT_NAME = "$(TARGET_NAME)";
				SWIFT_EMIT_LOC_STRINGS = NO;
				SWIFT_VERSION = 5.0;
				TEST_TARGET_NAME = FloatingTodoApp;
			};
			name = Release;
		};
/* End XCBuildConfiguration section */

/* Begin XCConfigurationList section */
		56F1A7C62C0BACBB003DE63B /* Build configuration list for PBXProject "FloatingTodoApp" */ = {
			isa = XCConfigurationList;
			buildConfigurations = (
				56F1A7EE2C0BACBD003DE63B /* Debug */,
				56F1A7EF2C0BACBD003DE63B /* Release */,
			);
			defaultConfigurationIsVisible = 0;
			defaultConfigurationName = Release;
		};
		56F1A7F02C0BACBD003DE63B /* Build configuration list for PBXNativeTarget "FloatingTodoApp" */ = {
			isa = XCConfigurationList;
			buildConfigurations = (
				56F1A7F12C0BACBD003DE63B /* Debug */,
				56F1A7F22C0BACBD003DE63B /* Release */,
			);
			defaultConfigurationIsVisible = 0;
			defaultConfigurationName = Release;
		};
		56F1A7F32C0BACBD003DE63B /* Build configuration list for PBXNativeTarget "FloatingTodoAppTests" */ = {
			isa = XCConfigurationList;
			buildConfigurations = (
				56F1A7F42C0BACBD003DE63B /* Debug */,
				56F1A7F52C0BACBD003DE63B /* Release */,
			);
			defaultConfigurationIsVisible = 0;
			defaultConfigurationName = Release;
		};
		56F1A7F62C0BACBD003DE63B /* Build configuration list for PBXNativeTarget "FloatingTodoAppUITests" */ = {
			isa = XCConfigurationList;
			buildConfigurations = (
				56F1A7F72C0BACBD003DE63B /* Debug */,
				56F1A7F82C0BACBD003DE63B /* Release */,
			);
			defaultConfigurationIsVisible = 0;
			defaultConfigurationName = Release;
		};
/* End XCConfigurationList section */
	};
	rootObject = 56F1A7C32C0BACBB003DE63B /* Project object */;
}
